
Microsoft Visual Studio Solution File, Format Version 12.00
# Visual Studio Version 17
VisualStudioVersion = 17.7.34024.191
MinimumVisualStudioVersion = 10.0.40219.1
Project("{FAE04EC0-301F-11D3-BF4B-00C04F79EFBC}") = "Taschenrechner", "Taschenrechner\Taschenrechner.csproj", "{06531F28-E4D9-4DEF-8D97-B4472C00C237}"
EndProject
Project("{FAE04EC0-301F-11D3-BF4B-00C04F79EFBC}") = "Schleifen", "Schleifen\Schleifen.csproj", "{77311E99-171A-4451-8E1B-F5A34F38E7A3}"
EndProject
Global
	GlobalSection(SolutionConfigurationPlatforms) = preSolution
		Debug|Any CPU = Debug|Any CPU
		Release|Any CPU = Release|Any CPU
	EndGlobalSection
	GlobalSection(ProjectConfigurationPlatforms) = postSolution
		{06531F28-E4D9-4DEF-8D97-B4472C00C237}.Debug|Any CPU.ActiveCfg = Debug|Any CPU
		{06531F28-E4D9-4DEF-8D97-B4472C00C237}.Debug|Any CPU.Build.0 = Debug|Any CPU
		{06531F28-E4D9-4DEF-8D97-B4472C00C237}.Release|Any CPU.ActiveCfg = Release|Any CPU
		{06531F28-E4D9-4DEF-8D97-B4472C00C237}.Release|Any CPU.Build.0 = Release|Any CPU
		{77311E99-171A-4451-8E1B-F5A34F38E7A3}.Debug|Any CPU.ActiveCfg = Debug|Any CPU
		{77311E99-171A-4451-8E1B-F5A34F38E7A3}.Debug|Any CPU.Build.0 = Debug|Any CPU
		{77311E99-171A-4451-8E1B-F5A34F38E7A3}.Release|Any CPU.ActiveCfg = Release|Any CPU
		{77311E99-171A-4451-8E1B-F5A34F38E7A3}.Release|Any CPU.Build.0 = Release|Any CPU
	EndGlobalSection
	GlobalSection(SolutionProperties) = preSolution
		HideSolutionNode = FALSE
	EndGlobalSection
	GlobalSection(ExtensibilityGlobals) = postSolution
		SolutionGuid = {DEE071D1-39D6-4789-8EEA-094A4451C774}
	EndGlobalSection
EndGlobal
